// !$*UTF8*$!
{
	archiveVersion = 1;
	classes = {
	};
	objectVersion = 46;
	objects = {

/* Begin PBXBuildFile section */
		53F66E4F17C8EE0600335896 /* Foundation.framework in Frameworks */ = {isa = PBXBuildFile; fileRef = 53F66E4E17C8EE0600335896 /* Foundation.framework */; };
		53F66E5417C8EE0600335896 /* Phitext.h in CopyFiles */ = {isa = PBXBuildFile; fileRef = 53F66E5317C8EE0600335896 /* Phitext.h */; };
		53F66E9C17C8EFF300335896 /* CoreGraphics.framework in Frameworks */ = {isa = PBXBuildFile; fileRef = 53F66E9817C8EFF200335896 /* CoreGraphics.framework */; };
		53F66E9D17C8EFF300335896 /* CoreText.framework in Frameworks */ = {isa = PBXBuildFile; fileRef = 53F66E9917C8EFF200335896 /* CoreText.framework */; };
		53F66E9E17C8EFF300335896 /* QuartzCore.framework in Frameworks */ = {isa = PBXBuildFile; fileRef = 53F66E9A17C8EFF200335896 /* QuartzCore.framework */; };
		53F66E9F17C8EFF300335896 /* UIKit.framework in Frameworks */ = {isa = PBXBuildFile; fileRef = 53F66E9B17C8EFF300335896 /* UIKit.framework */; };
		53F66F0E17C8F95200335896 /* PhiTextEditorView.h in CopyFiles */ = {isa = PBXBuildFile; fileRef = 53F66E5C17C8EEE100335896 /* PhiTextEditorView.h */; };
		53F66F0F17C8F95200335896 /* PhiTextStorage.h in CopyFiles */ = {isa = PBXBuildFile; fileRef = 53F66E5E17C8EEE200335896 /* PhiTextStorage.h */; };
		53F66F1017C8F95200335896 /* PhiTextRange.h in CopyFiles */ = {isa = PBXBuildFile; fileRef = 53F66E6017C8EEE200335896 /* PhiTextRange.h */; };
		53F66F1117C8F95200335896 /* PhiTextPosition.h in CopyFiles */ = {isa = PBXBuildFile; fileRef = 53F66E6217C8EEE200335896 /* PhiTextPosition.h */; };
		53F66F1217C8F95200335896 /* PhiTextInputTokenizer.h in CopyFiles */ = {isa = PBXBuildFile; fileRef = 53F66E6417C8EEE200335896 /* PhiTextInputTokenizer.h */; };
		53F66F1317C8F95200335896 /* PhiTextUndoManager.h in CopyFiles */ = {isa = PBXBuildFile; fileRef = 53F66E6617C8EEE200335896 /* PhiTextUndoManager.h */; };
		53F66F1417C8F95200335896 /* PhiTextFont.h in CopyFiles */ = {isa = PBXBuildFile; fileRef = 53F66E6E17C8EF1000335896 /* PhiTextFont.h */; };
		53F66F1517C8F95200335896 /* PhiTextStyle.h in CopyFiles */ = {isa = PBXBuildFile; fileRef = 53F66E7017C8EF1000335896 /* PhiTextStyle.h */; };
		53F66F1617C8F95200335896 /* PhiTextParagraphStyle.h in CopyFiles */ = {isa = PBXBuildFile; fileRef = 53F66E7217C8EF1000335896 /* PhiTextParagraphStyle.h */; };
		53F66F1717C8F95200335896 /* PhiTextDocument.h in CopyFiles */ = {isa = PBXBuildFile; fileRef = 53F66E7417C8EF1000335896 /* PhiTextDocument.h */; };
		53F66F1817C8F95200335896 /* PhiTextFrame.h in CopyFiles */ = {isa = PBXBuildFile; fileRef = 53F66E7617C8EF1000335896 /* PhiTextFrame.h */; };
		53F66F1917C8F95200335896 /* PhiTextView.h in CopyFiles */ = {isa = PBXBuildFile; fileRef = 53F66E7817C8EF1000335896 /* PhiTextView.h */; };
		53F66F1A17C8F95200335896 /* PhiTextEmptyFrame.h in CopyFiles */ = {isa = PBXBuildFile; fileRef = 53F66E7A17C8EF1000335896 /* PhiTextEmptyFrame.h */; };
		53F66F1B17C8F95200335896 /* PhiTextLine.h in CopyFiles */ = {isa = PBXBuildFile; fileRef = 53F66E7C17C8EF1000335896 /* PhiTextLine.h */; };
		53F66F1C17C8F95200335896 /* PhiTextSelectionView.h in CopyFiles */ = {isa = PBXBuildFile; fileRef = 53F66E7E17C8EF1000335896 /* PhiTextSelectionView.h */; };
		53F66F1D17C8F95200335896 /* PhiTextCaretView.h in CopyFiles */ = {isa = PBXBuildFile; fileRef = 53F66E8017C8EF1000335896 /* PhiTextCaretView.h */; };
		53F66F1E17C8F95200335896 /* PhiTextMagnifier.h in CopyFiles */ = {isa = PBXBuildFile; fileRef = 53F66E8217C8EF1000335896 /* PhiTextMagnifier.h */; };
		53F66F1F17C8F95200335896 /* PhiTextSelectionHandle.h in CopyFiles */ = {isa = PBXBuildFile; fileRef = 53F66E8417C8EF1000335896 /* PhiTextSelectionHandle.h */; };
		53F66F2017C8F95200335896 /* PhiTextSelectionHandleRecognizer.h in CopyFiles */ = {isa = PBXBuildFile; fileRef = 53F66E8617C8EF1000335896 /* PhiTextSelectionHandleRecognizer.h */; };
		53F66FA217C9D3BE00335896 /* PhiTextEditorView.m in Sources */ = {isa = PBXBuildFile; fileRef = 53F66E5D17C8EEE200335896 /* PhiTextEditorView.m */; };
		53F66FA317C9D3BE00335896 /* PhiTextStorage.m in Sources */ = {isa = PBXBuildFile; fileRef = 53F66E5F17C8EEE200335896 /* PhiTextStorage.m */; };
		53F66FA417C9D3BE00335896 /* PhiTextRange.m in Sources */ = {isa = PBXBuildFile; fileRef = 53F66E6117C8EEE200335896 /* PhiTextRange.m */; };
		53F66FA517C9D3BE00335896 /* PhiTextPosition.m in Sources */ = {isa = PBXBuildFile; fileRef = 53F66E6317C8EEE200335896 /* PhiTextPosition.m */; };
		53F66FA617C9D3BE00335896 /* PhiTextInputTokenizer.m in Sources */ = {isa = PBXBuildFile; fileRef = 53F66E6517C8EEE200335896 /* PhiTextInputTokenizer.m */; };
		53F66FA717C9D3BE00335896 /* PhiTextUndoManager.m in Sources */ = {isa = PBXBuildFile; fileRef = 53F66E6717C8EEE200335896 /* PhiTextUndoManager.m */; };
		53F66FA817C9D3BE00335896 /* PhiTextFont.m in Sources */ = {isa = PBXBuildFile; fileRef = 53F66E6F17C8EF1000335896 /* PhiTextFont.m */; };
		53F66FA917C9D3BE00335896 /* PhiTextStyle.m in Sources */ = {isa = PBXBuildFile; fileRef = 53F66E7117C8EF1000335896 /* PhiTextStyle.m */; };
		53F66FAA17C9D3BE00335896 /* PhiTextParagraphStyle.m in Sources */ = {isa = PBXBuildFile; fileRef = 53F66E7317C8EF1000335896 /* PhiTextParagraphStyle.m */; };
		53F66FAB17C9D3BE00335896 /* PhiTextDocument.m in Sources */ = {isa = PBXBuildFile; fileRef = 53F66E7517C8EF1000335896 /* PhiTextDocument.m */; };
		53F66FAC17C9D3BE00335896 /* PhiTextFrame.m in Sources */ = {isa = PBXBuildFile; fileRef = 53F66E7717C8EF1000335896 /* PhiTextFrame.m */; };
		53F66FAD17C9D3BE00335896 /* PhiTextView.m in Sources */ = {isa = PBXBuildFile; fileRef = 53F66E7917C8EF1000335896 /* PhiTextView.m */; };
		53F66FAE17C9D3BE00335896 /* PhiTextEmptyFrame.m in Sources */ = {isa = PBXBuildFile; fileRef = 53F66E7B17C8EF1000335896 /* PhiTextEmptyFrame.m */; };
		53F66FAF17C9D3BE00335896 /* PhiTextLine.m in Sources */ = {isa = PBXBuildFile; fileRef = 53F66E7D17C8EF1000335896 /* PhiTextLine.m */; };
		53F66FB017C9D3BE00335896 /* PhiTextSelectionView.m in Sources */ = {isa = PBXBuildFile; fileRef = 53F66E7F17C8EF1000335896 /* PhiTextSelectionView.m */; };
		53F66FB117C9D3BE00335896 /* PhiTextCaretView.m in Sources */ = {isa = PBXBuildFile; fileRef = 53F66E8117C8EF1000335896 /* PhiTextCaretView.m */; };
		53F66FB217C9D3BE00335896 /* PhiTextMagnifier.m in Sources */ = {isa = PBXBuildFile; fileRef = 53F66E8317C8EF1000335896 /* PhiTextMagnifier.m */; };
		53F66FB317C9D3BE00335896 /* PhiTextSelectionHandle.m in Sources */ = {isa = PBXBuildFile; fileRef = 53F66E8517C8EF1000335896 /* PhiTextSelectionHandle.m */; };
		53F66FB417C9D3BE00335896 /* PhiTextSelectionHandleRecognizer.m in Sources */ = {isa = PBXBuildFile; fileRef = 53F66E8717C8EF1000335896 /* PhiTextSelectionHandleRecognizer.m */; };
		53F66FCB17C9E5E400335896 /* PhiAATree.m in Sources */ = {isa = PBXBuildFile; fileRef = 53F66E9617C8EF4E00335896 /* PhiAATree.m */; };
/* End PBXBuildFile section */

/* Begin PBXCopyFilesBuildPhase section */
		53F66E4917C8EE0600335896 /* CopyFiles */ = {
			isa = PBXCopyFilesBuildPhase;
			buildActionMask = 2147483647;
			dstPath = "include/${PRODUCT_NAME}";
			dstSubfolderSpec = 16;
			files = (
				53F66F0E17C8F95200335896 /* PhiTextEditorView.h in CopyFiles */,
				53F66F0F17C8F95200335896 /* PhiTextStorage.h in CopyFiles */,
				53F66F1017C8F95200335896 /* PhiTextRange.h in CopyFiles */,
				53F66F1117C8F95200335896 /* PhiTextPosition.h in CopyFiles */,
				53F66F1217C8F95200335896 /* PhiTextInputTokenizer.h in CopyFiles */,
				53F66F1317C8F95200335896 /* PhiTextUndoManager.h in CopyFiles */,
				53F66F1417C8F95200335896 /* PhiTextFont.h in CopyFiles */,
				53F66F1517C8F95200335896 /* PhiTextStyle.h in CopyFiles */,
				53F66F1617C8F95200335896 /* PhiTextParagraphStyle.h in CopyFiles */,
				53F66F1717C8F95200335896 /* PhiTextDocument.h in CopyFiles */,
				53F66F1817C8F95200335896 /* PhiTextFrame.h in CopyFiles */,
				53F66F1917C8F95200335896 /* PhiTextView.h in CopyFiles */,
				53F66F1A17C8F95200335896 /* PhiTextEmptyFrame.h in CopyFiles */,
				53F66F1B17C8F95200335896 /* PhiTextLine.h in CopyFiles */,
				53F66F1C17C8F95200335896 /* PhiTextSelectionView.h in CopyFiles */,
				53F66F1D17C8F95200335896 /* PhiTextCaretView.h in CopyFiles */,
				53F66F1E17C8F95200335896 /* PhiTextMagnifier.h in CopyFiles */,
				53F66F1F17C8F95200335896 /* PhiTextSelectionHandle.h in CopyFiles */,
				53F66F2017C8F95200335896 /* PhiTextSelectionHandleRecognizer.h in CopyFiles */,
				53F66E5417C8EE0600335896 /* Phitext.h in CopyFiles */,
			);
			runOnlyForDeploymentPostprocessing = 0;
		};
/* End PBXCopyFilesBuildPhase section */

/* Begin PBXFileReference section */
		53F66E4B17C8EE0600335896 /* libPhitext.a */ = {isa = PBXFileReference; explicitFileType = archive.ar; includeInIndex = 0; path = libPhitext.a; sourceTree = BUILT_PRODUCTS_DIR; };
		53F66E4E17C8EE0600335896 /* Foundation.framework */ = {isa = PBXFileReference; lastKnownFileType = wrapper.framework; name = Foundation.framework; path = System/Library/Frameworks/Foundation.framework; sourceTree = SDKROOT; };
		53F66E5217C8EE0600335896 /* Phitext-Prefix.pch */ = {isa = PBXFileReference; lastKnownFileType = sourcecode.c.h; path = "Phitext-Prefix.pch"; sourceTree = "<group>"; };
		53F66E5317C8EE0600335896 /* Phitext.h */ = {isa = PBXFileReference; lastKnownFileType = sourcecode.c.h; path = Phitext.h; sourceTree = "<group>"; };
		53F66E5C17C8EEE100335896 /* PhiTextEditorView.h */ = {isa = PBXFileReference; fileEncoding = 4; lastKnownFileType = sourcecode.c.h; path = PhiTextEditorView.h; sourceTree = "<group>"; };
		53F66E5D17C8EEE200335896 /* PhiTextEditorView.m */ = {isa = PBXFileReference; fileEncoding = 4; lastKnownFileType = sourcecode.c.objc; path = PhiTextEditorView.m; sourceTree = "<group>"; };
		53F66E5E17C8EEE200335896 /* PhiTextStorage.h */ = {isa = PBXFileReference; fileEncoding = 4; lastKnownFileType = sourcecode.c.h; path = PhiTextStorage.h; sourceTree = "<group>"; };
		53F66E5F17C8EEE200335896 /* PhiTextStorage.m */ = {isa = PBXFileReference; fileEncoding = 4; lastKnownFileType = sourcecode.c.objc; path = PhiTextStorage.m; sourceTree = "<group>"; };
		53F66E6017C8EEE200335896 /* PhiTextRange.h */ = {isa = PBXFileReference; fileEncoding = 4; lastKnownFileType = sourcecode.c.h; path = PhiTextRange.h; sourceTree = "<group>"; };
		53F66E6117C8EEE200335896 /* PhiTextRange.m */ = {isa = PBXFileReference; fileEncoding = 4; lastKnownFileType = sourcecode.c.objc; path = PhiTextRange.m; sourceTree = "<group>"; };
		53F66E6217C8EEE200335896 /* PhiTextPosition.h */ = {isa = PBXFileReference; fileEncoding = 4; lastKnownFileType = sourcecode.c.h; path = PhiTextPosition.h; sourceTree = "<group>"; };
		53F66E6317C8EEE200335896 /* PhiTextPosition.m */ = {isa = PBXFileReference; fileEncoding = 4; lastKnownFileType = sourcecode.c.objc; path = PhiTextPosition.m; sourceTree = "<group>"; };
		53F66E6417C8EEE200335896 /* PhiTextInputTokenizer.h */ = {isa = PBXFileReference; fileEncoding = 4; lastKnownFileType = sourcecode.c.h; path = PhiTextInputTokenizer.h; sourceTree = "<group>"; };
		53F66E6517C8EEE200335896 /* PhiTextInputTokenizer.m */ = {isa = PBXFileReference; fileEncoding = 4; lastKnownFileType = sourcecode.c.objc; path = PhiTextInputTokenizer.m; sourceTree = "<group>"; };
		53F66E6617C8EEE200335896 /* PhiTextUndoManager.h */ = {isa = PBXFileReference; fileEncoding = 4; lastKnownFileType = sourcecode.c.h; path = PhiTextUndoManager.h; sourceTree = "<group>"; };
		53F66E6717C8EEE200335896 /* PhiTextUndoManager.m */ = {isa = PBXFileReference; fileEncoding = 4; lastKnownFileType = sourcecode.c.objc; path = PhiTextUndoManager.m; sourceTree = "<group>"; };
		53F66E6E17C8EF1000335896 /* PhiTextFont.h */ = {isa = PBXFileReference; fileEncoding = 4; lastKnownFileType = sourcecode.c.h; path = PhiTextFont.h; sourceTree = "<group>"; };
		53F66E6F17C8EF1000335896 /* PhiTextFont.m */ = {isa = PBXFileReference; fileEncoding = 4; lastKnownFileType = sourcecode.c.objc; path = PhiTextFont.m; sourceTree = "<group>"; };
		53F66E7017C8EF1000335896 /* PhiTextStyle.h */ = {isa = PBXFileReference; fileEncoding = 4; lastKnownFileType = sourcecode.c.h; path = PhiTextStyle.h; sourceTree = "<group>"; };
		53F66E7117C8EF1000335896 /* PhiTextStyle.m */ = {isa = PBXFileReference; fileEncoding = 4; lastKnownFileType = sourcecode.c.objc; path = PhiTextStyle.m; sourceTree = "<group>"; };
		53F66E7217C8EF1000335896 /* PhiTextParagraphStyle.h */ = {isa = PBXFileReference; fileEncoding = 4; lastKnownFileType = sourcecode.c.h; path = PhiTextParagraphStyle.h; sourceTree = "<group>"; };
		53F66E7317C8EF1000335896 /* PhiTextParagraphStyle.m */ = {isa = PBXFileReference; fileEncoding = 4; lastKnownFileType = sourcecode.c.objc; path = PhiTextParagraphStyle.m; sourceTree = "<group>"; };
		53F66E7417C8EF1000335896 /* PhiTextDocument.h */ = {isa = PBXFileReference; fileEncoding = 4; lastKnownFileType = sourcecode.c.h; path = PhiTextDocument.h; sourceTree = "<group>"; };
		53F66E7517C8EF1000335896 /* PhiTextDocument.m */ = {isa = PBXFileReference; fileEncoding = 4; lastKnownFileType = sourcecode.c.objc; path = PhiTextDocument.m; sourceTree = "<group>"; };
		53F66E7617C8EF1000335896 /* PhiTextFrame.h */ = {isa = PBXFileReference; fileEncoding = 4; lastKnownFileType = sourcecode.c.h; path = PhiTextFrame.h; sourceTree = "<group>"; };
		53F66E7717C8EF1000335896 /* PhiTextFrame.m */ = {isa = PBXFileReference; fileEncoding = 4; lastKnownFileType = sourcecode.c.objc; path = PhiTextFrame.m; sourceTree = "<group>"; };
		53F66E7817C8EF1000335896 /* PhiTextView.h */ = {isa = PBXFileReference; fileEncoding = 4; lastKnownFileType = sourcecode.c.h; path = PhiTextView.h; sourceTree = "<group>"; };
		53F66E7917C8EF1000335896 /* PhiTextView.m */ = {isa = PBXFileReference; fileEncoding = 4; lastKnownFileType = sourcecode.c.objc; path = PhiTextView.m; sourceTree = "<group>"; };
		53F66E7A17C8EF1000335896 /* PhiTextEmptyFrame.h */ = {isa = PBXFileReference; fileEncoding = 4; lastKnownFileType = sourcecode.c.h; path = PhiTextEmptyFrame.h; sourceTree = "<group>"; };
		53F66E7B17C8EF1000335896 /* PhiTextEmptyFrame.m */ = {isa = PBXFileReference; fileEncoding = 4; lastKnownFileType = sourcecode.c.objc; path = PhiTextEmptyFrame.m; sourceTree = "<group>"; };
		53F66E7C17C8EF1000335896 /* PhiTextLine.h */ = {isa = PBXFileReference; fileEncoding = 4; lastKnownFileType = sourcecode.c.h; path = PhiTextLine.h; sourceTree = "<group>"; };
		53F66E7D17C8EF1000335896 /* PhiTextLine.m */ = {isa = PBXFileReference; fileEncoding = 4; lastKnownFileType = sourcecode.c.objc; path = PhiTextLine.m; sourceTree = "<group>"; };
		53F66E7E17C8EF1000335896 /* PhiTextSelectionView.h */ = {isa = PBXFileReference; fileEncoding = 4; lastKnownFileType = sourcecode.c.h; path = PhiTextSelectionView.h; sourceTree = "<group>"; };
		53F66E7F17C8EF1000335896 /* PhiTextSelectionView.m */ = {isa = PBXFileReference; fileEncoding = 4; lastKnownFileType = sourcecode.c.objc; path = PhiTextSelectionView.m; sourceTree = "<group>"; };
		53F66E8017C8EF1000335896 /* PhiTextCaretView.h */ = {isa = PBXFileReference; fileEncoding = 4; lastKnownFileType = sourcecode.c.h; path = PhiTextCaretView.h; sourceTree = "<group>"; };
		53F66E8117C8EF1000335896 /* PhiTextCaretView.m */ = {isa = PBXFileReference; fileEncoding = 4; lastKnownFileType = sourcecode.c.objc; path = PhiTextCaretView.m; sourceTree = "<group>"; };
		53F66E8217C8EF1000335896 /* PhiTextMagnifier.h */ = {isa = PBXFileReference; fileEncoding = 4; lastKnownFileType = sourcecode.c.h; path = PhiTextMagnifier.h; sourceTree = "<group>"; };
		53F66E8317C8EF1000335896 /* PhiTextMagnifier.m */ = {isa = PBXFileReference; fileEncoding = 4; lastKnownFileType = sourcecode.c.objc; path = PhiTextMagnifier.m; sourceTree = "<group>"; };
		53F66E8417C8EF1000335896 /* PhiTextSelectionHandle.h */ = {isa = PBXFileReference; fileEncoding = 4; lastKnownFileType = sourcecode.c.h; path = PhiTextSelectionHandle.h; sourceTree = "<group>"; };
		53F66E8517C8EF1000335896 /* PhiTextSelectionHandle.m */ = {isa = PBXFileReference; fileEncoding = 4; lastKnownFileType = sourcecode.c.objc; path = PhiTextSelectionHandle.m; sourceTree = "<group>"; };
		53F66E8617C8EF1000335896 /* PhiTextSelectionHandleRecognizer.h */ = {isa = PBXFileReference; fileEncoding = 4; lastKnownFileType = sourcecode.c.h; path = PhiTextSelectionHandleRecognizer.h; sourceTree = "<group>"; };
		53F66E8717C8EF1000335896 /* PhiTextSelectionHandleRecognizer.m */ = {isa = PBXFileReference; fileEncoding = 4; lastKnownFileType = sourcecode.c.objc; path = PhiTextSelectionHandleRecognizer.m; sourceTree = "<group>"; };
		53F66E9517C8EF4E00335896 /* PhiAATree.h */ = {isa = PBXFileReference; fileEncoding = 4; lastKnownFileType = sourcecode.c.h; path = PhiAATree.h; sourceTree = "<group>"; };
		53F66E9617C8EF4E00335896 /* PhiAATree.m */ = {isa = PBXFileReference; fileEncoding = 4; lastKnownFileType = sourcecode.c.objc; path = PhiAATree.m; sourceTree = "<group>"; };
		53F66E9817C8EFF200335896 /* CoreGraphics.framework */ = {isa = PBXFileReference; lastKnownFileType = wrapper.framework; name = CoreGraphics.framework; path = System/Library/Frameworks/CoreGraphics.framework; sourceTree = SDKROOT; };
		53F66E9917C8EFF200335896 /* CoreText.framework */ = {isa = PBXFileReference; lastKnownFileType = wrapper.framework; name = CoreText.framework; path = System/Library/Frameworks/CoreText.framework; sourceTree = SDKROOT; };
		53F66E9A17C8EFF200335896 /* QuartzCore.framework */ = {isa = PBXFileReference; lastKnownFileType = wrapper.framework; name = QuartzCore.framework; path = System/Library/Frameworks/QuartzCore.framework; sourceTree = SDKROOT; };
		53F66E9B17C8EFF300335896 /* UIKit.framework */ = {isa = PBXFileReference; lastKnownFileType = wrapper.framework; name = UIKit.framework; path = System/Library/Frameworks/UIKit.framework; sourceTree = SDKROOT; };
/* End PBXFileReference section */

/* Begin PBXFrameworksBuildPhase section */
		53F66E4817C8EE0600335896 /* Frameworks */ = {
			isa = PBXFrameworksBuildPhase;
			buildActionMask = 2147483647;
			files = (
				53F66E4F17C8EE0600335896 /* Foundation.framework in Frameworks */,
				53F66E9C17C8EFF300335896 /* CoreGraphics.framework in Frameworks */,
				53F66E9D17C8EFF300335896 /* CoreText.framework in Frameworks */,
				53F66E9E17C8EFF300335896 /* QuartzCore.framework in Frameworks */,
				53F66E9F17C8EFF300335896 /* UIKit.framework in Frameworks */,
			);
			runOnlyForDeploymentPostprocessing = 0;
		};
/* End PBXFrameworksBuildPhase section */

/* Begin PBXGroup section */
		53F66E4217C8EE0600335896 = {
			isa = PBXGroup;
			children = (
				53F66E5017C8EE0600335896 /* Classes */,
				53F66E4D17C8EE0600335896 /* Frameworks */,
				53F66E4C17C8EE0600335896 /* Products */,
			);
			sourceTree = "<group>";
		};
		53F66E4C17C8EE0600335896 /* Products */ = {
			isa = PBXGroup;
			children = (
				53F66E4B17C8EE0600335896 /* libPhitext.a */,
			);
			name = Products;
			sourceTree = "<group>";
		};
		53F66E4D17C8EE0600335896 /* Frameworks */ = {
			isa = PBXGroup;
			children = (
				53F66E4E17C8EE0600335896 /* Foundation.framework */,
				53F66E9817C8EFF200335896 /* CoreGraphics.framework */,
				53F66E9917C8EFF200335896 /* CoreText.framework */,
				53F66E9A17C8EFF200335896 /* QuartzCore.framework */,
				53F66E9B17C8EFF300335896 /* UIKit.framework */,
			);
			name = Frameworks;
			sourceTree = "<group>";
		};
		53F66E5017C8EE0600335896 /* Classes */ = {
			isa = PBXGroup;
			children = (
				53F66E5C17C8EEE100335896 /* PhiTextEditorView.h */,
				53F66E5D17C8EEE200335896 /* PhiTextEditorView.m */,
				53F66E5E17C8EEE200335896 /* PhiTextStorage.h */,
				53F66E5F17C8EEE200335896 /* PhiTextStorage.m */,
				53F66E6017C8EEE200335896 /* PhiTextRange.h */,
				53F66E6117C8EEE200335896 /* PhiTextRange.m */,
				53F66E6217C8EEE200335896 /* PhiTextPosition.h */,
				53F66E6317C8EEE200335896 /* PhiTextPosition.m */,
				53F66E6417C8EEE200335896 /* PhiTextInputTokenizer.h */,
				53F66E6517C8EEE200335896 /* PhiTextInputTokenizer.m */,
				53F66E6617C8EEE200335896 /* PhiTextUndoManager.h */,
				53F66E6717C8EEE200335896 /* PhiTextUndoManager.m */,
				53F66E6E17C8EF1000335896 /* PhiTextFont.h */,
				53F66E6F17C8EF1000335896 /* PhiTextFont.m */,
				53F66E7017C8EF1000335896 /* PhiTextStyle.h */,
				53F66E7117C8EF1000335896 /* PhiTextStyle.m */,
				53F66E7217C8EF1000335896 /* PhiTextParagraphStyle.h */,
				53F66E7317C8EF1000335896 /* PhiTextParagraphStyle.m */,
				53F66E7417C8EF1000335896 /* PhiTextDocument.h */,
				53F66E7517C8EF1000335896 /* PhiTextDocument.m */,
				53F66E7617C8EF1000335896 /* PhiTextFrame.h */,
				53F66E7717C8EF1000335896 /* PhiTextFrame.m */,
				53F66E7817C8EF1000335896 /* PhiTextView.h */,
				53F66E7917C8EF1000335896 /* PhiTextView.m */,
				53F66E7A17C8EF1000335896 /* PhiTextEmptyFrame.h */,
				53F66E7B17C8EF1000335896 /* PhiTextEmptyFrame.m */,
				53F66E7C17C8EF1000335896 /* PhiTextLine.h */,
				53F66E7D17C8EF1000335896 /* PhiTextLine.m */,
				53F66E7E17C8EF1000335896 /* PhiTextSelectionView.h */,
				53F66E7F17C8EF1000335896 /* PhiTextSelectionView.m */,
				53F66E8017C8EF1000335896 /* PhiTextCaretView.h */,
				53F66E8117C8EF1000335896 /* PhiTextCaretView.m */,
				53F66E8217C8EF1000335896 /* PhiTextMagnifier.h */,
				53F66E8317C8EF1000335896 /* PhiTextMagnifier.m */,
				53F66E8417C8EF1000335896 /* PhiTextSelectionHandle.h */,
				53F66E8517C8EF1000335896 /* PhiTextSelectionHandle.m */,
				53F66E8617C8EF1000335896 /* PhiTextSelectionHandleRecognizer.h */,
				53F66E8717C8EF1000335896 /* PhiTextSelectionHandleRecognizer.m */,
				53F66E5317C8EE0600335896 /* Phitext.h */,
				53F66E5117C8EE0600335896 /* Supporting Files */,
			);
			name = Classes;
			sourceTree = SOURCE_ROOT;
		};
		53F66E5117C8EE0600335896 /* Supporting Files */ = {
			isa = PBXGroup;
			children = (
				53F66E9517C8EF4E00335896 /* PhiAATree.h */,
				53F66E9617C8EF4E00335896 /* PhiAATree.m */,
				53F66E5217C8EE0600335896 /* Phitext-Prefix.pch */,
			);
			name = "Supporting Files";
			sourceTree = "<group>";
		};
/* End PBXGroup section */

/* Begin PBXNativeTarget section */
		53F66E4A17C8EE0600335896 /* Phitext */ = {
			isa = PBXNativeTarget;
			buildConfigurationList = 53F66E5917C8EE0600335896 /* Build configuration list for PBXNativeTarget "Phitext" */;
			buildPhases = (
				53F66E4717C8EE0600335896 /* Sources */,
				53F66E4817C8EE0600335896 /* Frameworks */,
				53F66E4917C8EE0600335896 /* CopyFiles */,
			);
			buildRules = (
			);
			dependencies = (
			);
			name = Phitext;
			productName = Phitext;
			productReference = 53F66E4B17C8EE0600335896 /* libPhitext.a */;
			productType = "com.apple.product-type.library.static";
		};
/* End PBXNativeTarget section */

/* Begin PBXProject section */
		53F66E4317C8EE0600335896 /* Project object */ = {
			isa = PBXProject;
			attributes = {
				LastUpgradeCheck = 0460;
				ORGANIZATIONNAME = Phiware;
			};
			buildConfigurationList = 53F66E4617C8EE0600335896 /* Build configuration list for PBXProject "Phitext" */;
			compatibilityVersion = "Xcode 3.2";
			developmentRegion = English;
			hasScannedForEncodings = 0;
			knownRegions = (
				en,
			);
			mainGroup = 53F66E4217C8EE0600335896;
			productRefGroup = 53F66E4C17C8EE0600335896 /* Products */;
			projectDirPath = "";
			projectRoot = "";
			targets = (
				53F66E4A17C8EE0600335896 /* Phitext */,
			);
		};
/* End PBXProject section */

/* Begin PBXSourcesBuildPhase section */
		53F66E4717C8EE0600335896 /* Sources */ = {
			isa = PBXSourcesBuildPhase;
			buildActionMask = 2147483647;
			files = (
				53F66FA217C9D3BE00335896 /* PhiTextEditorView.m in Sources */,
				53F66FA317C9D3BE00335896 /* PhiTextStorage.m in Sources */,
				53F66FA417C9D3BE00335896 /* PhiTextRange.m in Sources */,
				53F66FA517C9D3BE00335896 /* PhiTextPosition.m in Sources */,
				53F66FA617C9D3BE00335896 /* PhiTextInputTokenizer.m in Sources */,
				53F66FA717C9D3BE00335896 /* PhiTextUndoManager.m in Sources */,
				53F66FA817C9D3BE00335896 /* PhiTextFont.m in Sources */,
				53F66FA917C9D3BE00335896 /* PhiTextStyle.m in Sources */,
				53F66FAA17C9D3BE00335896 /* PhiTextParagraphStyle.m in Sources */,
				53F66FAB17C9D3BE00335896 /* PhiTextDocument.m in Sources */,
				53F66FAC17C9D3BE00335896 /* PhiTextFrame.m in Sources */,
				53F66FAD17C9D3BE00335896 /* PhiTextView.m in Sources */,
				53F66FAE17C9D3BE00335896 /* PhiTextEmptyFrame.m in Sources */,
				53F66FAF17C9D3BE00335896 /* PhiTextLine.m in Sources */,
				53F66FB017C9D3BE00335896 /* PhiTextSelectionView.m in Sources */,
				53F66FB117C9D3BE00335896 /* PhiTextCaretView.m in Sources */,
				53F66FB217C9D3BE00335896 /* PhiTextMagnifier.m in Sources */,
				53F66FB317C9D3BE00335896 /* PhiTextSelectionHandle.m in Sources */,
				53F66FB417C9D3BE00335896 /* PhiTextSelectionHandleRecognizer.m in Sources */,
				53F66FCB17C9E5E400335896 /* PhiAATree.m in Sources */,
			);
			runOnlyForDeploymentPostprocessing = 0;
		};
/* End PBXSourcesBuildPhase section */

/* Begin XCBuildConfiguration section */
		53F66E5717C8EE0600335896 /* Debug */ = {
			isa = XCBuildConfiguration;
			buildSettings = {
				ALWAYS_SEARCH_USER_PATHS = NO;
				CLANG_CXX_LANGUAGE_STANDARD = "gnu++0x";
				CLANG_CXX_LIBRARY = "libc++";
				CLANG_WARN_CONSTANT_CONVERSION = YES;
				CLANG_WARN_EMPTY_BODY = YES;
				CLANG_WARN_ENUM_CONVERSION = YES;
				CLANG_WARN_INT_CONVERSION = YES;
				CLANG_WARN__DUPLICATE_METHOD_MATCH = YES;
				COPY_PHASE_STRIP = NO;
				GCC_C_LANGUAGE_STANDARD = gnu99;
				GCC_DYNAMIC_NO_PIC = NO;
				GCC_OPTIMIZATION_LEVEL = 0;
				GCC_PREPROCESSOR_DEFINITIONS = (
					"DEBUG=1",
					"$(inherited)",
				);
				GCC_SYMBOLS_PRIVATE_EXTERN = NO;
				GCC_WARN_ABOUT_RETURN_TYPE = YES;
				GCC_WARN_UNINITIALIZED_AUTOS = YES;
				GCC_WARN_UNUSED_VARIABLE = YES;
				IPHONEOS_DEPLOYMENT_TARGET = 5.0;
				ONLY_ACTIVE_ARCH = YES;
				SDKROOT = iphoneos;
			};
			name = Debug;
		};
		53F66E5817C8EE0600335896 /* Release */ = {
			isa = XCBuildConfiguration;
			buildSettings = {
				ALWAYS_SEARCH_USER_PATHS = NO;
				CLANG_CXX_LANGUAGE_STANDARD = "gnu++0x";
				CLANG_CXX_LIBRARY = "libc++";
				CLANG_WARN_CONSTANT_CONVERSION = YES;
				CLANG_WARN_EMPTY_BODY = YES;
				CLANG_WARN_ENUM_CONVERSION = YES;
				CLANG_WARN_INT_CONVERSION = YES;
				CLANG_WARN__DUPLICATE_METHOD_MATCH = YES;
				COPY_PHASE_STRIP = YES;
				GCC_C_LANGUAGE_STANDARD = gnu99;
				GCC_WARN_ABOUT_RETURN_TYPE = YES;
				GCC_WARN_UNINITIALIZED_AUTOS = YES;
				GCC_WARN_UNUSED_VARIABLE = YES;
				IPHONEOS_DEPLOYMENT_TARGET = 5.0;
				SDKROOT = iphoneos;
				VALIDATE_PRODUCT = YES;
			};
			name = Release;
		};
		53F66E5A17C8EE0600335896 /* Debug */ = {
			isa = XCBuildConfiguration;
			buildSettings = {
				DSTROOT = /tmp/Phitext.dst;
				GCC_PRECOMPILE_PREFIX_HEADER = YES;
				GCC_PREFIX_HEADER = "Phitext-Prefix.pch";
				OTHER_LDFLAGS = "-ObjC";
				PRODUCT_NAME = "$(TARGET_NAME)";
				SKIP_INSTALL = YES;
			};
			name = Debug;
		};
		53F66E5B17C8EE0600335896 /* Release */ = {
			isa = XCBuildConfiguration;
			buildSettings = {
				DSTROOT = /tmp/Phitext.dst;
				GCC_PRECOMPILE_PREFIX_HEADER = YES;
				GCC_PREFIX_HEADER = "Phitext-Prefix.pch";
				OTHER_LDFLAGS = "-ObjC";
				PRODUCT_NAME = "$(TARGET_NAME)";
				SKIP_INSTALL = YES;
			};
			name = Release;
		};
/* End XCBuildConfiguration section */

/* Begin XCConfigurationList section */
		53F66E4617C8EE0600335896 /* Build configuration list for PBXProject "Phitext" */ = {
			isa = XCConfigurationList;
			buildConfigurations = (
				53F66E5717C8EE0600335896 /* Debug */,
				53F66E5817C8EE0600335896 /* Release */,
			);
			defaultConfigurationIsVisible = 0;
			defaultConfigurationName = Release;
		};
		53F66E5917C8EE0600335896 /* Build configuration list for PBXNativeTarget "Phitext" */ = {
			isa = XCConfigurationList;
			buildConfigurations = (
				53F66E5A17C8EE0600335896 /* Debug */,
				53F66E5B17C8EE0600335896 /* Release */,
			);
			defaultConfigurationIsVisible = 0;
			defaultConfigurationName = Release;
		};
/* End XCConfigurationList section */
	};
	rootObject = 53F66E4317C8EE0600335896 /* Project object */;
}
